
Microsoft Visual Studio Solution File, Format Version 12.00
# Blend for Visual Studio Version 16
VisualStudioVersion = 16.0.30309.148
MinimumVisualStudioVersion = 10.0.40219.1
Project("{FAE04EC0-301F-11D3-BF4B-00C04F79EFBC}") = "WpfApp2", "WpfApp2\WpfApp2.csproj", "{E9C151D5-CB21-45B8-BBB5-125ADB516B54}"
EndProject
Global
	GlobalSection(SolutionConfigurationPlatforms) = preSolution
		Debug|Any CPU = Debug|Any CPU
		Release|Any CPU = Release|Any CPU
	EndGlobalSection
	GlobalSection(ProjectConfigurationPlatforms) = postSolution
		{E9C151D5-CB21-45B8-BBB5-125ADB516B54}.Debug|Any CPU.ActiveCfg = Debug|Any CPU
		{E9C151D5-CB21-45B8-BBB5-125ADB516B54}.Debug|Any CPU.Build.0 = Debug|Any CPU
		{E9C151D5-CB21-45B8-BBB5-125ADB516B54}.Release|Any CPU.ActiveCfg = Release|Any CPU
		{E9C151D5-CB21-45B8-BBB5-125ADB516B54}.Release|Any CPU.Build.0 = Release|Any CPU
	EndGlobalSection
	GlobalSection(SolutionProperties) = preSolution
		HideSolutionNode = FALSE
	EndGlobalSection
	GlobalSection(ExtensibilityGlobals) = postSolution
		SolutionGuid = {88001F5E-0769-460A-A789-915EAFFEDCFA}
	EndGlobalSection
EndGlobal
